
Microsoft Visual Studio Solution File, Format Version 12.00
# Visual Studio 15
VisualStudioVersion = 15.0.27428.2005
MinimumVisualStudioVersion = 10.0.40219.1
Project("{FAE04EC0-301F-11D3-BF4B-00C04F79EFBC}") = "Ejercicio1", "Ejercicios_WinForms\Ejercicio1.csproj", "{CCB0E821-F8F2-498D-9B22-20EA82C5BF57}"
EndProject
Project("{FAE04EC0-301F-11D3-BF4B-00C04F79EFBC}") = "Ejercicio2", "ejercicio2\Ejercicio2.csproj", "{D7ECD59B-160A-47D2-8834-47A8AAC879AE}"
EndProject
Project("{FAE04EC0-301F-11D3-BF4B-00C04F79EFBC}") = "Ejercicio3", "Ejercicio3\Ejercicio3.csproj", "{189D53C5-D1F2-4F0E-AF63-45BB4950B1E9}"
EndProject
Project("{FAE04EC0-301F-11D3-BF4B-00C04F79EFBC}") = "Ejercicio4", "Ejercicio4\Ejercicio4.csproj", "{E3A33D75-65B8-48AE-B339-567D41AD8A1B}"
EndProject
Project("{FAE04EC0-301F-11D3-BF4B-00C04F79EFBC}") = "Ejercicio5", "Ejercicio5\Ejercicio5.csproj", "{497EE7D0-F672-4FA7-B251-80E03EAD19D5}"
EndProject
Project("{FAE04EC0-301F-11D3-BF4B-00C04F79EFBC}") = "Ejercicio6", "Ejercicio6\Ejercicio6.csproj", "{2CA7C6A2-43FE-4ADC-AC7B-A2D5AF2FC79E}"
EndProject
Project("{FAE04EC0-301F-11D3-BF4B-00C04F79EFBC}") = "Ejercicio10", "ejercicio 10\Ejercicio10.csproj", "{E2B03C6A-8C52-4253-B5FD-42046AEAB307}"
EndProject
Project("{FAE04EC0-301F-11D3-BF4B-00C04F79EFBC}") = "Ejercicio9", "Ejercicio9\Ejercicio9.csproj", "{E3DE2AAE-8FF3-45CB-A603-2C433C367BA8}"
EndProject
Project("{FAE04EC0-301F-11D3-BF4B-00C04F79EFBC}") = "Ejercicio8", "Ejercicio8\Ejercicio8.csproj", "{6500BF97-2CDA-45F2-A0DF-C7989F110BC2}"
EndProject
Project("{FAE04EC0-301F-11D3-BF4B-00C04F79EFBC}") = "Ejercicio11", "Ejercicio11\Ejercicio11.csproj", "{59227BC7-4ED8-4E31-ABD8-304265BDBACC}"
EndProject
Project("{FAE04EC0-301F-11D3-BF4B-00C04F79EFBC}") = "Ejercicio12", "Ejercicio12\Ejercicio12.csproj", "{76632AFE-BE33-46E8-A334-DF3A5DABC689}"
EndProject
Project("{FAE04EC0-301F-11D3-BF4B-00C04F79EFBC}") = "Ejercicio13", "Ejercicio13\Ejercicio13.csproj", "{30FFAF5A-1B6A-44AE-BF3D-879E54B5F1BD}"
EndProject
Project("{FAE04EC0-301F-11D3-BF4B-00C04F79EFBC}") = "Ejercicio7", "Ejercicio7\Ejercicio7.csproj", "{A93A7145-1178-4699-BBC6-44F363BF338A}"
EndProject
Project("{FAE04EC0-301F-11D3-BF4B-00C04F79EFBC}") = "Ejercicio14", "Ejercicio14\Ejercicio14.csproj", "{3C2FEBC9-5828-4D88-9AF6-822C120A5E00}"
EndProject
Project("{FAE04EC0-301F-11D3-BF4B-00C04F79EFBC}") = "Ejercicio15", "Ejercicio15\Ejercicio15.csproj", "{F033B6B8-A5E2-4298-8CB4-41ED2BF5708C}"
EndProject
Global
	GlobalSection(SolutionConfigurationPlatforms) = preSolution
		Debug|Any CPU = Debug|Any CPU
		Release|Any CPU = Release|Any CPU
	EndGlobalSection
	GlobalSection(ProjectConfigurationPlatforms) = postSolution
		{CCB0E821-F8F2-498D-9B22-20EA82C5BF57}.Debug|Any CPU.ActiveCfg = Debug|Any CPU
		{CCB0E821-F8F2-498D-9B22-20EA82C5BF57}.Debug|Any CPU.Build.0 = Debug|Any CPU
		{CCB0E821-F8F2-498D-9B22-20EA82C5BF57}.Release|Any CPU.ActiveCfg = Release|Any CPU
		{CCB0E821-F8F2-498D-9B22-20EA82C5BF57}.Release|Any CPU.Build.0 = Release|Any CPU
		{D7ECD59B-160A-47D2-8834-47A8AAC879AE}.Debug|Any CPU.ActiveCfg = Debug|Any CPU
		{D7ECD59B-160A-47D2-8834-47A8AAC879AE}.Debug|Any CPU.Build.0 = Debug|Any CPU
		{D7ECD59B-160A-47D2-8834-47A8AAC879AE}.Release|Any CPU.ActiveCfg = Release|Any CPU
		{D7ECD59B-160A-47D2-8834-47A8AAC879AE}.Release|Any CPU.Build.0 = Release|Any CPU
		{189D53C5-D1F2-4F0E-AF63-45BB4950B1E9}.Debug|Any CPU.ActiveCfg = Debug|Any CPU
		{189D53C5-D1F2-4F0E-AF63-45BB4950B1E9}.Debug|Any CPU.Build.0 = Debug|Any CPU
		{189D53C5-D1F2-4F0E-AF63-45BB4950B1E9}.Release|Any CPU.ActiveCfg = Release|Any CPU
		{189D53C5-D1F2-4F0E-AF63-45BB4950B1E9}.Release|Any CPU.Build.0 = Release|Any CPU
		{E3A33D75-65B8-48AE-B339-567D41AD8A1B}.Debug|Any CPU.ActiveCfg = Debug|Any CPU
		{E3A33D75-65B8-48AE-B339-567D41AD8A1B}.Debug|Any CPU.Build.0 = Debug|Any CPU
		{E3A33D75-65B8-48AE-B339-567D41AD8A1B}.Release|Any CPU.ActiveCfg = Release|Any CPU
		{E3A33D75-65B8-48AE-B339-567D41AD8A1B}.Release|Any CPU.Build.0 = Release|Any CPU
		{497EE7D0-F672-4FA7-B251-80E03EAD19D5}.Debug|Any CPU.ActiveCfg = Debug|Any CPU
		{497EE7D0-F672-4FA7-B251-80E03EAD19D5}.Debug|Any CPU.Build.0 = Debug|Any CPU
		{497EE7D0-F672-4FA7-B251-80E03EAD19D5}.Release|Any CPU.ActiveCfg = Release|Any CPU
		{497EE7D0-F672-4FA7-B251-80E03EAD19D5}.Release|Any CPU.Build.0 = Release|Any CPU
		{2CA7C6A2-43FE-4ADC-AC7B-A2D5AF2FC79E}.Debug|Any CPU.ActiveCfg = Debug|Any CPU
		{2CA7C6A2-43FE-4ADC-AC7B-A2D5AF2FC79E}.Debug|Any CPU.Build.0 = Debug|Any CPU
		{2CA7C6A2-43FE-4ADC-AC7B-A2D5AF2FC79E}.Release|Any CPU.ActiveCfg = Release|Any CPU
		{2CA7C6A2-43FE-4ADC-AC7B-A2D5AF2FC79E}.Release|Any CPU.Build.0 = Release|Any CPU
		{E2B03C6A-8C52-4253-B5FD-42046AEAB307}.Debug|Any CPU.ActiveCfg = Debug|Any CPU
		{E2B03C6A-8C52-4253-B5FD-42046AEAB307}.Debug|Any CPU.Build.0 = Debug|Any CPU
		{E2B03C6A-8C52-4253-B5FD-42046AEAB307}.Release|Any CPU.ActiveCfg = Release|Any CPU
		{E2B03C6A-8C52-4253-B5FD-42046AEAB307}.Release|Any CPU.Build.0 = Release|Any CPU
		{E3DE2AAE-8FF3-45CB-A603-2C433C367BA8}.Debug|Any CPU.ActiveCfg = Debug|Any CPU
		{E3DE2AAE-8FF3-45CB-A603-2C433C367BA8}.Debug|Any CPU.Build.0 = Debug|Any CPU
		{E3DE2AAE-8FF3-45CB-A603-2C433C367BA8}.Release|Any CPU.ActiveCfg = Release|Any CPU
		{E3DE2AAE-8FF3-45CB-A603-2C433C367BA8}.Release|Any CPU.Build.0 = Release|Any CPU
		{6500BF97-2CDA-45F2-A0DF-C7989F110BC2}.Debug|Any CPU.ActiveCfg = Debug|Any CPU
		{6500BF97-2CDA-45F2-A0DF-C7989F110BC2}.Debug|Any CPU.Build.0 = Debug|Any CPU
		{6500BF97-2CDA-45F2-A0DF-C7989F110BC2}.Release|Any CPU.ActiveCfg = Release|Any CPU
		{6500BF97-2CDA-45F2-A0DF-C7989F110BC2}.Release|Any CPU.Build.0 = Release|Any CPU
		{59227BC7-4ED8-4E31-ABD8-304265BDBACC}.Debug|Any CPU.ActiveCfg = Debug|Any CPU
		{59227BC7-4ED8-4E31-ABD8-304265BDBACC}.Debug|Any CPU.Build.0 = Debug|Any CPU
		{59227BC7-4ED8-4E31-ABD8-304265BDBACC}.Release|Any CPU.ActiveCfg = Release|Any CPU
		{59227BC7-4ED8-4E31-ABD8-304265BDBACC}.Release|Any CPU.Build.0 = Release|Any CPU
		{76632AFE-BE33-46E8-A334-DF3A5DABC689}.Debug|Any CPU.ActiveCfg = Debug|Any CPU
		{76632AFE-BE33-46E8-A334-DF3A5DABC689}.Debug|Any CPU.Build.0 = Debug|Any CPU
		{76632AFE-BE33-46E8-A334-DF3A5DABC689}.Release|Any CPU.ActiveCfg = Release|Any CPU
		{76632AFE-BE33-46E8-A334-DF3A5DABC689}.Release|Any CPU.Build.0 = Release|Any CPU
		{30FFAF5A-1B6A-44AE-BF3D-879E54B5F1BD}.Debug|Any CPU.ActiveCfg = Debug|Any CPU
		{30FFAF5A-1B6A-44AE-BF3D-879E54B5F1BD}.Debug|Any CPU.Build.0 = Debug|Any CPU
		{30FFAF5A-1B6A-44AE-BF3D-879E54B5F1BD}.Release|Any CPU.ActiveCfg = Release|Any CPU
		{30FFAF5A-1B6A-44AE-BF3D-879E54B5F1BD}.Release|Any CPU.Build.0 = Release|Any CPU
		{A93A7145-1178-4699-BBC6-44F363BF338A}.Debug|Any CPU.ActiveCfg = Debug|Any CPU
		{A93A7145-1178-4699-BBC6-44F363BF338A}.Debug|Any CPU.Build.0 = Debug|Any CPU
		{A93A7145-1178-4699-BBC6-44F363BF338A}.Release|Any CPU.ActiveCfg = Release|Any CPU
		{A93A7145-1178-4699-BBC6-44F363BF338A}.Release|Any CPU.Build.0 = Release|Any CPU
		{3C2FEBC9-5828-4D88-9AF6-822C120A5E00}.Debug|Any CPU.ActiveCfg = Debug|Any CPU
		{3C2FEBC9-5828-4D88-9AF6-822C120A5E00}.Debug|Any CPU.Build.0 = Debug|Any CPU
		{3C2FEBC9-5828-4D88-9AF6-822C120A5E00}.Release|Any CPU.ActiveCfg = Release|Any CPU
		{3C2FEBC9-5828-4D88-9AF6-822C120A5E00}.Release|Any CPU.Build.0 = Release|Any CPU
		{F033B6B8-A5E2-4298-8CB4-41ED2BF5708C}.Debug|Any CPU.ActiveCfg = Debug|Any CPU
		{F033B6B8-A5E2-4298-8CB4-41ED2BF5708C}.Debug|Any CPU.Build.0 = Debug|Any CPU
		{F033B6B8-A5E2-4298-8CB4-41ED2BF5708C}.Release|Any CPU.ActiveCfg = Release|Any CPU
		{F033B6B8-A5E2-4298-8CB4-41ED2BF5708C}.Release|Any CPU.Build.0 = Release|Any CPU
	EndGlobalSection
	GlobalSection(SolutionProperties) = preSolution
		HideSolutionNode = FALSE
	EndGlobalSection
	GlobalSection(ExtensibilityGlobals) = postSolution
		SolutionGuid = {45C69DE4-4E6E-4AB7-B235-FC898854DC71}
	EndGlobalSection
EndGlobal
